
Microsoft Visual Studio Solution File, Format Version 11.00
# Visual Studio 2010
Project("{FAE04EC0-301F-11D3-BF4B-00C04F79EFBC}") = "PhysicsFun", "Assembly-CSharp.csproj", "{73D8A470-111A-6D03-D193-1851E7639BCB}"
EndProject
Project("{FAE04EC0-301F-11D3-BF4B-00C04F79EFBC}") = "PhysicsFun", "Assembly-CSharp-Editor.csproj", "{E2E198E9-409D-C360-6001-B9519CFC2A2F}"
EndProject
Global
	GlobalSection(SolutionConfigurationPlatforms) = preSolution
		Debug|Any CPU = Debug|Any CPU
		Release|Any CPU = Release|Any CPU
	EndGlobalSection
	GlobalSection(ProjectConfigurationPlatforms) = postSolution
		{73D8A470-111A-6D03-D193-1851E7639BCB}.Debug|Any CPU.ActiveCfg = Debug|Any CPU
		{73D8A470-111A-6D03-D193-1851E7639BCB}.Debug|Any CPU.Build.0 = Debug|Any CPU
		{73D8A470-111A-6D03-D193-1851E7639BCB}.Release|Any CPU.ActiveCfg = Release|Any CPU
		{73D8A470-111A-6D03-D193-1851E7639BCB}.Release|Any CPU.Build.0 = Release|Any CPU
		{E2E198E9-409D-C360-6001-B9519CFC2A2F}.Debug|Any CPU.ActiveCfg = Debug|Any CPU
		{E2E198E9-409D-C360-6001-B9519CFC2A2F}.Debug|Any CPU.Build.0 = Debug|Any CPU
		{E2E198E9-409D-C360-6001-B9519CFC2A2F}.Release|Any CPU.ActiveCfg = Release|Any CPU
		{E2E198E9-409D-C360-6001-B9519CFC2A2F}.Release|Any CPU.Build.0 = Release|Any CPU
	EndGlobalSection
	GlobalSection(SolutionProperties) = preSolution
		HideSolutionNode = FALSE
	EndGlobalSection
	GlobalSection(MonoDevelopProperties) = preSolution
		StartupItem = Assembly-CSharp.csproj
	EndGlobalSection
EndGlobal
